
Microsoft Visual Studio Solution File, Format Version 12.00
# Visual Studio Version 17
VisualStudioVersion = 17.9.34728.123
MinimumVisualStudioVersion = 10.0.40219.1
Project("{FAE04EC0-301F-11D3-BF4B-00C04F79EFBC}") = "MovieMVC", "MovieMVC\MovieMVC.csproj", "{6490E56B-6C26-465A-92E1-202AA6EAEB27}"
EndProject
Global
	GlobalSection(SolutionConfigurationPlatforms) = preSolution
		Debug|Any CPU = Debug|Any CPU
		Release|Any CPU = Release|Any CPU
	EndGlobalSection
	GlobalSection(ProjectConfigurationPlatforms) = postSolution
		{6490E56B-6C26-465A-92E1-202AA6EAEB27}.Debug|Any CPU.ActiveCfg = Debug|Any CPU
		{6490E56B-6C26-465A-92E1-202AA6EAEB27}.Debug|Any CPU.Build.0 = Debug|Any CPU
		{6490E56B-6C26-465A-92E1-202AA6EAEB27}.Release|Any CPU.ActiveCfg = Release|Any CPU
		{6490E56B-6C26-465A-92E1-202AA6EAEB27}.Release|Any CPU.Build.0 = Release|Any CPU
	EndGlobalSection
	GlobalSection(SolutionProperties) = preSolution
		HideSolutionNode = FALSE
	EndGlobalSection
	GlobalSection(ExtensibilityGlobals) = postSolution
		SolutionGuid = {0219C9DA-B433-4728-A78D-D9C3B3361E0E}
	EndGlobalSection
EndGlobal
